
Microsoft Visual Studio Solution File, Format Version 12.00
# Visual Studio Version 16
VisualStudioVersion = 16.0.30320.27
MinimumVisualStudioVersion = 10.0.40219.1
Project("{FAE04EC0-301F-11D3-BF4B-00C04F79EFBC}") = "UserRegistration", "UserRegistration\UserRegistration.csproj", "{76C2568D-6C05-4846-9BB4-185D2EE005F6}"
EndProject
Global
	GlobalSection(SolutionConfigurationPlatforms) = preSolution
		Debug|Any CPU = Debug|Any CPU
		Release|Any CPU = Release|Any CPU
	EndGlobalSection
	GlobalSection(ProjectConfigurationPlatforms) = postSolution
		{76C2568D-6C05-4846-9BB4-185D2EE005F6}.Debug|Any CPU.ActiveCfg = Debug|Any CPU
		{76C2568D-6C05-4846-9BB4-185D2EE005F6}.Debug|Any CPU.Build.0 = Debug|Any CPU
		{76C2568D-6C05-4846-9BB4-185D2EE005F6}.Release|Any CPU.ActiveCfg = Release|Any CPU
		{76C2568D-6C05-4846-9BB4-185D2EE005F6}.Release|Any CPU.Build.0 = Release|Any CPU
	EndGlobalSection
	GlobalSection(SolutionProperties) = preSolution
		HideSolutionNode = FALSE
	EndGlobalSection
	GlobalSection(ExtensibilityGlobals) = postSolution
		SolutionGuid = {B92735FD-888D-4568-8B85-4C218BAE650F}
	EndGlobalSection
EndGlobal
